// !$*UTF8*$!
{
	archiveVersion = 1;
	classes = {
	};
	objectVersion = 50;
	objects = {

/* Begin PBXBuildFile section */
		C4CAF002221C331F00C02E28 /* AppDelegate.swift in Sources */ = {isa = PBXBuildFile; fileRef = C4CAF001221C331F00C02E28 /* AppDelegate.swift */; };
		C4CAF004221C331F00C02E28 /* ViewController.swift in Sources */ = {isa = PBXBuildFile; fileRef = C4CAF003221C331F00C02E28 /* ViewController.swift */; };
		C4CAF007221C331F00C02E28 /* Main.storyboard in Resources */ = {isa = PBXBuildFile; fileRef = C4CAF005221C331F00C02E28 /* Main.storyboard */; };
		C4CAF009221C332300C02E28 /* Assets.xcassets in Resources */ = {isa = PBXBuildFile; fileRef = C4CAF008221C332300C02E28 /* Assets.xcassets */; };
		C4CAF00C221C332300C02E28 /* LaunchScreen.storyboard in Resources */ = {isa = PBXBuildFile; fileRef = C4CAF00A221C332300C02E28 /* LaunchScreen.storyboard */; };
		C4CAF017221C332400C02E28 /* LightTests.swift in Sources */ = {isa = PBXBuildFile; fileRef = C4CAF016221C332400C02E28 /* LightTests.swift */; };
		C4CAF022221C332400C02E28 /* LightUITests.swift in Sources */ = {isa = PBXBuildFile; fileRef = C4CAF021221C332400C02E28 /* LightUITests.swift */; };
/* End PBXBuildFile section */

/* Begin PBXContainerItemProxy section */
		C4CAF013221C332400C02E28 /* PBXContainerItemProxy */ = {
			isa = PBXContainerItemProxy;
			containerPortal = C4CAEFF6221C331F00C02E28 /* Project object */;
			proxyType = 1;
			remoteGlobalIDString = C4CAEFFD221C331F00C02E28;
			remoteInfo = Light;
		};
		C4CAF01E221C332400C02E28 /* PBXContainerItemProxy */ = {
			isa = PBXContainerItemProxy;
			containerPortal = C4CAEFF6221C331F00C02E28 /* Project object */;
			proxyType = 1;
			remoteGlobalIDString = C4CAEFFD221C331F00C02E28;
			remoteInfo = Light;
		};
/* End PBXContainerItemProxy section */

/* Begin PBXFileReference section */
		C4CAEFFE221C331F00C02E28 /* Light.app */ = {isa = PBXFileReference; explicitFileType = wrapper.application; includeInIndex = 0; path = Light.app; sourceTree = BUILT_PRODUCTS_DIR; };
		C4CAF001221C331F00C02E28 /* AppDelegate.swift */ = {isa = PBXFileReference; lastKnownFileType = sourcecode.swift; path = AppDelegate.swift; sourceTree = "<group>"; };
		C4CAF003221C331F00C02E28 /* ViewController.swift */ = {isa = PBXFileReference; lastKnownFileType = sourcecode.swift; path = ViewController.swift; sourceTree = "<group>"; };
		C4CAF006221C331F00C02E28 /* Base */ = {isa = PBXFileReference; lastKnownFileType = file.storyboard; name = Base; path = Base.lproj/Main.storyboard; sourceTree = "<group>"; };
		C4CAF008221C332300C02E28 /* Assets.xcassets */ = {isa = PBXFileReference; lastKnownFileType = folder.assetcatalog; path = Assets.xcassets; sourceTree = "<group>"; };
		C4CAF00B221C332300C02E28 /* Base */ = {isa = PBXFileReference; lastKnownFileType = file.storyboard; name = Base; path = Base.lproj/LaunchScreen.storyboard; sourceTree = "<group>"; };
		C4CAF00D221C332300C02E28 /* Info.plist */ = {isa = PBXFileReference; lastKnownFileType = text.plist.xml; path = Info.plist; sourceTree = "<group>"; };
		C4CAF012221C332400C02E28 /* LightTests.xctest */ = {isa = PBXFileReference; explicitFileType = wrapper.cfbundle; includeInIndex = 0; path = LightTests.xctest; sourceTree = BUILT_PRODUCTS_DIR; };
		C4CAF016221C332400C02E28 /* LightTests.swift */ = {isa = PBXFileReference; lastKnownFileType = sourcecode.swift; path = LightTests.swift; sourceTree = "<group>"; };
		C4CAF018221C332400C02E28 /* Info.plist */ = {isa = PBXFileReference; lastKnownFileType = text.plist.xml; path = Info.plist; sourceTree = "<group>"; };
		C4CAF01D221C332400C02E28 /* LightUITests.xctest */ = {isa = PBXFileReference; explicitFileType = wrapper.cfbundle; includeInIndex = 0; path = LightUITests.xctest; sourceTree = BUILT_PRODUCTS_DIR; };
		C4CAF021221C332400C02E28 /* LightUITests.swift */ = {isa = PBXFileReference; lastKnownFileType = sourcecode.swift; path = LightUITests.swift; sourceTree = "<group>"; };
		C4CAF023221C332400C02E28 /* Info.plist */ = {isa = PBXFileReference; lastKnownFileType = text.plist.xml; path = Info.plist; sourceTree = "<group>"; };
/* End PBXFileReference section */

/* Begin PBXFrameworksBuildPhase section */
		C4CAEFFB221C331F00C02E28 /* Frameworks */ = {
			isa = PBXFrameworksBuildPhase;
			buildActionMask = 2147483647;
			files = (
			);
			runOnlyForDeploymentPostprocessing = 0;
		};
		C4CAF00F221C332400C02E28 /* Frameworks */ = {
			isa = PBXFrameworksBuildPhase;
			buildActionMask = 2147483647;
			files = (
			);
			runOnlyForDeploymentPostprocessing = 0;
		};
		C4CAF01A221C332400C02E28 /* Frameworks */ = {
			isa = PBXFrameworksBuildPhase;
			buildActionMask = 2147483647;
			files = (
			);
			runOnlyForDeploymentPostprocessing = 0;
		};
/* End PBXFrameworksBuildPhase section */

/* Begin PBXGroup section */
		C4CAEFF5221C331F00C02E28 = {
			isa = PBXGroup;
			children = (
				C4CAF000221C331F00C02E28 /* Light */,
				C4CAF015221C332400C02E28 /* LightTests */,
				C4CAF020221C332400C02E28 /* LightUITests */,
				C4CAEFFF221C331F00C02E28 /* Products */,
			);
			sourceTree = "<group>";
		};
		C4CAEFFF221C331F00C02E28 /* Products */ = {
			isa = PBXGroup;
			children = (
				C4CAEFFE221C331F00C02E28 /* Light.app */,
				C4CAF012221C332400C02E28 /* LightTests.xctest */,
				C4CAF01D221C332400C02E28 /* LightUITests.xctest */,
			);
			name = Products;
			sourceTree = "<group>";
		};
		C4CAF000221C331F00C02E28 /* Light */ = {
			isa = PBXGroup;
			children = (
				C4CAF001221C331F00C02E28 /* AppDelegate.swift */,
				C4CAF003221C331F00C02E28 /* ViewController.swift */,
				C4CAF005221C331F00C02E28 /* Main.storyboard */,
				C4CAF008221C332300C02E28 /* Assets.xcassets */,
				C4CAF00A221C332300C02E28 /* LaunchScreen.storyboard */,
				C4CAF00D221C332300C02E28 /* Info.plist */,
			);
			path = Light;
			sourceTree = "<group>";
		};
		C4CAF015221C332400C02E28 /* LightTests */ = {
			isa = PBXGroup;
			children = (
				C4CAF016221C332400C02E28 /* LightTests.swift */,
				C4CAF018221C332400C02E28 /* Info.plist */,
			);
			path = LightTests;
			sourceTree = "<group>";
		};
		C4CAF020221C332400C02E28 /* LightUITests */ = {
			isa = PBXGroup;
			children = (
				C4CAF021221C332400C02E28 /* LightUITests.swift */,
				C4CAF023221C332400C02E28 /* Info.plist */,
			);
			path = LightUITests;
			sourceTree = "<group>";
		};
/* End PBXGroup section */

/* Begin PBXNativeTarget section */
		C4CAEFFD221C331F00C02E28 /* Light */ = {
			isa = PBXNativeTarget;
			buildConfigurationList = C4CAF026221C332400C02E28 /* Build configuration list for PBXNativeTarget "Light" */;
			buildPhases = (
				C4CAEFFA221C331F00C02E28 /* Sources */,
				C4CAEFFB221C331F00C02E28 /* Frameworks */,
				C4CAEFFC221C331F00C02E28 /* Resources */,
			);
			buildRules = (
			);
			dependencies = (
			);
			name = Light;
			productName = Light;
			productReference = C4CAEFFE221C331F00C02E28 /* Light.app */;
			productType = "com.apple.product-type.application";
		};
		C4CAF011221C332400C02E28 /* LightTests */ = {
			isa = PBXNativeTarget;
			buildConfigurationList = C4CAF029221C332400C02E28 /* Build configuration list for PBXNativeTarget "LightTests" */;
			buildPhases = (
				C4CAF00E221C332400C02E28 /* Sources */,
				C4CAF00F221C332400C02E28 /* Frameworks */,
				C4CAF010221C332400C02E28 /* Resources */,
			);
			buildRules = (
			);
			dependencies = (
				C4CAF014221C332400C02E28 /* PBXTargetDependency */,
			);
			name = LightTests;
			productName = LightTests;
			productReference = C4CAF012221C332400C02E28 /* LightTests.xctest */;
			productType = "com.apple.product-type.bundle.unit-test";
		};
		C4CAF01C221C332400C02E28 /* LightUITests */ = {
			isa = PBXNativeTarget;
			buildConfigurationList = C4CAF02C221C332400C02E28 /* Build configuration list for PBXNativeTarget "LightUITests" */;
			buildPhases = (
				C4CAF019221C332400C02E28 /* Sources */,
				C4CAF01A221C332400C02E28 /* Frameworks */,
				C4CAF01B221C332400C02E28 /* Resources */,
			);
			buildRules = (
			);
			dependencies = (
				C4CAF01F221C332400C02E28 /* PBXTargetDependency */,
			);
			name = LightUITests;
			productName = LightUITests;
			productReference = C4CAF01D221C332400C02E28 /* LightUITests.xctest */;
			productType = "com.apple.product-type.bundle.ui-testing";
		};
/* End PBXNativeTarget section */

/* Begin PBXProject section */
		C4CAEFF6221C331F00C02E28 /* Project object */ = {
			isa = PBXProject;
			attributes = {
				LastSwiftUpdateCheck = 1010;
				LastUpgradeCheck = 1010;
				ORGANIZATIONNAME = "Virginia Dooley";
				TargetAttributes = {
					C4CAEFFD221C331F00C02E28 = {
						CreatedOnToolsVersion = 10.1;
					};
					C4CAF011221C332400C02E28 = {
						CreatedOnToolsVersion = 10.1;
						TestTargetID = C4CAEFFD221C331F00C02E28;
					};
					C4CAF01C221C332400C02E28 = {
						CreatedOnToolsVersion = 10.1;
						TestTargetID = C4CAEFFD221C331F00C02E28;
					};
				};
			};
			buildConfigurationList = C4CAEFF9221C331F00C02E28 /* Build configuration list for PBXProject "Light" */;
			compatibilityVersion = "Xcode 9.3";
			developmentRegion = en;
			hasScannedForEncodings = 0;
			knownRegions = (
				en,
				Base,
			);
			mainGroup = C4CAEFF5221C331F00C02E28;
			productRefGroup = C4CAEFFF221C331F00C02E28 /* Products */;
			projectDirPath = "";
			projectRoot = "";
			targets = (
				C4CAEFFD221C331F00C02E28 /* Light */,
				C4CAF011221C332400C02E28 /* LightTests */,
				C4CAF01C221C332400C02E28 /* LightUITests */,
			);
		};
/* End PBXProject section */

/* Begin PBXResourcesBuildPhase section */
		C4CAEFFC221C331F00C02E28 /* Resources */ = {
			isa = PBXResourcesBuildPhase;
			buildActionMask = 2147483647;
			files = (
				C4CAF00C221C332300C02E28 /* LaunchScreen.storyboard in Resources */,
				C4CAF009221C332300C02E28 /* Assets.xcassets in Resources */,
				C4CAF007221C331F00C02E28 /* Main.storyboard in Resources */,
			);
			runOnlyForDeploymentPostprocessing = 0;
		};
		C4CAF010221C332400C02E28 /* Resources */ = {
			isa = PBXResourcesBuildPhase;
			buildActionMask = 2147483647;
			files = (
			);
			runOnlyForDeploymentPostprocessing = 0;
		};
		C4CAF01B221C332400C02E28 /* Resources */ = {
			isa = PBXResourcesBuildPhase;
			buildActionMask = 2147483647;
			files = (
			);
			runOnlyForDeploymentPostprocessing = 0;
		};
/* End PBXResourcesBuildPhase section */

/* Begin PBXSourcesBuildPhase section */
		C4CAEFFA221C331F00C02E28 /* Sources */ = {
			isa = PBXSourcesBuildPhase;
			buildActionMask = 2147483647;
			files = (
				C4CAF004221C331F00C02E28 /* ViewController.swift in Sources */,
				C4CAF002221C331F00C02E28 /* AppDelegate.swift in Sources */,
			);
			runOnlyForDeploymentPostprocessing = 0;
		};
		C4CAF00E221C332400C02E28 /* Sources */ = {
			isa = PBXSourcesBuildPhase;
			buildActionMask = 2147483647;
			files = (
				C4CAF017221C332400C02E28 /* LightTests.swift in Sources */,
			);
			runOnlyForDeploymentPostprocessing = 0;
		};
		C4CAF019221C332400C02E28 /* Sources */ = {
			isa = PBXSourcesBuildPhase;
			buildActionMask = 2147483647;
			files = (
				C4CAF022221C332400C02E28 /* LightUITests.swift in Sources */,
			);
			runOnlyForDeploymentPostprocessing = 0;
		};
/* End PBXSourcesBuildPhase section */

/* Begin PBXTargetDependency section */
		C4CAF014221C332400C02E28 /* PBXTargetDependency */ = {
			isa = PBXTargetDependency;
			target = C4CAEFFD221C331F00C02E28 /* Light */;
			targetProxy = C4CAF013221C332400C02E28 /* PBXContainerItemProxy */;
		};
		C4CAF01F221C332400C02E28 /* PBXTargetDependency */ = {
			isa = PBXTargetDependency;
			target = C4CAEFFD221C331F00C02E28 /* Light */;
			targetProxy = C4CAF01E221C332400C02E28 /* PBXContainerItemProxy */;
		};
/* End PBXTargetDependency section */

/* Begin PBXVariantGroup section */
		C4CAF005221C331F00C02E28 /* Main.storyboard */ = {
			isa = PBXVariantGroup;
			children = (
				C4CAF006221C331F00C02E28 /* Base */,
			);
			name = Main.storyboard;
			sourceTree = "<group>";
		};
		C4CAF00A221C332300C02E28 /* LaunchScreen.storyboard */ = {
			isa = PBXVariantGroup;
			children = (
				C4CAF00B221C332300C02E28 /* Base */,
			);
			name = LaunchScreen.storyboard;
			sourceTree = "<group>";
		};
/* End PBXVariantGroup section */

/* Begin XCBuildConfiguration section */
		C4CAF024221C332400C02E28 /* Debug */ = {
			isa = XCBuildConfiguration;
			buildSettings = {
				ALWAYS_SEARCH_USER_PATHS = NO;
				CLANG_ANALYZER_NONNULL = YES;
				CLANG_ANALYZER_NUMBER_OBJECT_CONVERSION = YES_AGGRESSIVE;
				CLANG_CXX_LANGUAGE_STANDARD = "gnu++14";
				CLANG_CXX_LIBRARY = "libc++";
				CLANG_ENABLE_MODULES = YES;
				CLANG_ENABLE_OBJC_ARC = YES;
				CLANG_ENABLE_OBJC_WEAK = YES;
				CLANG_WARN_BLOCK_CAPTURE_AUTORELEASING = YES;
				CLANG_WARN_BOOL_CONVERSION = YES;
				CLANG_WARN_COMMA = YES;
				CLANG_WARN_CONSTANT_CONVERSION = YES;
				CLANG_WARN_DEPRECATED_OBJC_IMPLEMENTATIONS = YES;
				CLANG_WARN_DIRECT_OBJC_ISA_USAGE = YES_ERROR;
				CLANG_WARN_DOCUMENTATION_COMMENTS = YES;
				CLANG_WARN_EMPTY_BODY = YES;
				CLANG_WARN_ENUM_CONVERSION = YES;
				CLANG_WARN_INFINITE_RECURSION = YES;
				CLANG_WARN_INT_CONVERSION = YES;
				CLANG_WARN_NON_LITERAL_NULL_CONVERSION = YES;
				CLANG_WARN_OBJC_IMPLICIT_RETAIN_SELF = YES;
				CLANG_WARN_OBJC_LITERAL_CONVERSION = YES;
				CLANG_WARN_OBJC_ROOT_CLASS = YES_ERROR;
				CLANG_WARN_RANGE_LOOP_ANALYSIS = YES;
				CLANG_WARN_STRICT_PROTOTYPES = YES;
				CLANG_WARN_SUSPICIOUS_MOVE = YES;
				CLANG_WARN_UNGUARDED_AVAILABILITY = YES_AGGRESSIVE;
				CLANG_WARN_UNREACHABLE_CODE = YES;
				CLANG_WARN__DUPLICATE_METHOD_MATCH = YES;
				CODE_SIGN_IDENTITY = "iPhone Developer";
				COPY_PHASE_STRIP = NO;
				DEBUG_INFORMATION_FORMAT = dwarf;
				ENABLE_STRICT_OBJC_MSGSEND = YES;
				ENABLE_TESTABILITY = YES;
				GCC_C_LANGUAGE_STANDARD = gnu11;
				GCC_DYNAMIC_NO_PIC = NO;
				GCC_NO_COMMON_BLOCKS = YES;
				GCC_OPTIMIZATION_LEVEL = 0;
				GCC_PREPROCESSOR_DEFINITIONS = (
					"DEBUG=1",
					"$(inherited)",
				);
				GCC_WARN_64_TO_32_BIT_CONVERSION = YES;
				GCC_WARN_ABOUT_RETURN_TYPE = YES_ERROR;
				GCC_WARN_UNDECLARED_SELECTOR = YES;
				GCC_WARN_UNINITIALIZED_AUTOS = YES_AGGRESSIVE;
				GCC_WARN_UNUSED_FUNCTION = YES;
				GCC_WARN_UNUSED_VARIABLE = YES;
				IPHONEOS_DEPLOYMENT_TARGET = 12.1;
				MTL_ENABLE_DEBUG_INFO = INCLUDE_SOURCE;
				MTL_FAST_MATH = YES;
				ONLY_ACTIVE_ARCH = YES;
				SDKROOT = iphoneos;
				SWIFT_ACTIVE_COMPILATION_CONDITIONS = DEBUG;
				SWIFT_OPTIMIZATION_LEVEL = "-Onone";
			};
			name = Debug;
		};
		C4CAF025221C332400C02E28 /* Release */ = {
			isa = XCBuildConfiguration;
			buildSettings = {
				ALWAYS_SEARCH_USER_PATHS = NO;
				CLANG_ANALYZER_NONNULL = YES;
				CLANG_ANALYZER_NUMBER_OBJECT_CONVERSION = YES_AGGRESSIVE;
				CLANG_CXX_LANGUAGE_STANDARD = "gnu++14";
				CLANG_CXX_LIBRARY = "libc++";
				CLANG_ENABLE_MODULES = YES;
				CLANG_ENABLE_OBJC_ARC = YES;
				CLANG_ENABLE_OBJC_WEAK = YES;
				CLANG_WARN_BLOCK_CAPTURE_AUTORELEASING = YES;
				CLANG_WARN_BOOL_CONVERSION = YES;
				CLANG_WARN_COMMA = YES;
				CLANG_WARN_CONSTANT_CONVERSION = YES;
				CLANG_WARN_DEPRECATED_OBJC_IMPLEMENTATIONS = YES;
				CLANG_WARN_DIRECT_OBJC_ISA_USAGE = YES_ERROR;
				CLANG_WARN_DOCUMENTATION_COMMENTS = YES;
				CLANG_WARN_EMPTY_BODY = YES;
				CLANG_WARN_ENUM_CONVERSION = YES;
				CLANG_WARN_INFINITE_RECURSION = YES;
				CLANG_WARN_INT_CONVERSION = YES;
				CLANG_WARN_NON_LITERAL_NULL_CONVERSION = YES;
				CLANG_WARN_OBJC_IMPLICIT_RETAIN_SELF = YES;
				CLANG_WARN_OBJC_LITERAL_CONVERSION = YES;
				CLANG_WARN_OBJC_ROOT_CLASS = YES_ERROR;
				CLANG_WARN_RANGE_LOOP_ANALYSIS = YES;
				CLANG_WARN_STRICT_PROTOTYPES = YES;
				CLANG_WARN_SUSPICIOUS_MOVE = YES;
				CLANG_WARN_UNGUARDED_AVAILABILITY = YES_AGGRESSIVE;
				CLANG_WARN_UNREACHABLE_CODE = YES;
				CLANG_WARN__DUPLICATE_METHOD_MATCH = YES;
				CODE_SIGN_IDENTITY = "iPhone Developer";
				COPY_PHASE_STRIP = NO;
				DEBUG_INFORMATION_FORMAT = "dwarf-with-dsym";
				ENABLE_NS_ASSERTIONS = NO;
				ENABLE_STRICT_OBJC_MSGSEND = YES;
				GCC_C_LANGUAGE_STANDARD = gnu11;
				GCC_NO_COMMON_BLOCKS = YES;
				GCC_WARN_64_TO_32_BIT_CONVERSION = YES;
				GCC_WARN_ABOUT_RETURN_TYPE = YES_ERROR;
				GCC_WARN_UNDECLARED_SELECTOR = YES;
				GCC_WARN_UNINITIALIZED_AUTOS = YES_AGGRESSIVE;
				GCC_WARN_UNUSED_FUNCTION = YES;
				GCC_WARN_UNUSED_VARIABLE = YES;
				IPHONEOS_DEPLOYMENT_TARGET = 12.1;
				MTL_ENABLE_DEBUG_INFO = NO;
				MTL_FAST_MATH = YES;
				SDKROOT = iphoneos;
				SWIFT_COMPILATION_MODE = wholemodule;
				SWIFT_OPTIMIZATION_LEVEL = "-O";
				VALIDATE_PRODUCT = YES;
			};
			name = Release;
		};
		C4CAF027221C332400C02E28 /* Debug */ = {
			isa = XCBuildConfiguration;
			buildSettings = {
				ASSETCATALOG_COMPILER_APPICON_NAME = AppIcon;
				CODE_SIGN_STYLE = Automatic;
				DEVELOPMENT_TEAM = 2UX64K5UQ9;
				INFOPLIST_FILE = Light/Info.plist;
				LD_RUNPATH_SEARCH_PATHS = (
					"$(inherited)",
					"@executable_path/Frameworks",
				);
				PRODUCT_BUNDLE_IDENTIFIER = "com.Virginia-Dooley.Light";
				PRODUCT_NAME = "$(TARGET_NAME)";
				SWIFT_VERSION = 4.2;
				TARGETED_DEVICE_FAMILY = "1,2";
			};
			name = Debug;
		};
		C4CAF028221C332400C02E28 /* Release */ = {
			isa = XCBuildConfiguration;
			buildSettings = {
				ASSETCATALOG_COMPILER_APPICON_NAME = AppIcon;
				CODE_SIGN_STYLE = Automatic;
				DEVELOPMENT_TEAM = 2UX64K5UQ9;
				INFOPLIST_FILE = Light/Info.plist;
				LD_RUNPATH_SEARCH_PATHS = (
					"$(inherited)",
					"@executable_path/Frameworks",
				);
				PRODUCT_BUNDLE_IDENTIFIER = "com.Virginia-Dooley.Light";
				PRODUCT_NAME = "$(TARGET_NAME)";
				SWIFT_VERSION = 4.2;
				TARGETED_DEVICE_FAMILY = "1,2";
			};
			name = Release;
		};
		C4CAF02A221C332400C02E28 /* Debug */ = {
			isa = XCBuildConfiguration;
			buildSettings = {
				ALWAYS_EMBED_SWIFT_STANDARD_LIBRARIES = YES;
				BUNDLE_LOADER = "$(TEST_HOST)";
				CODE_SIGN_STYLE = Automatic;
				DEVELOPMENT_TEAM = 2UX64K5UQ9;
				INFOPLIST_FILE = LightTests/Info.plist;
				LD_RUNPATH_SEARCH_PATHS = (
					"$(inherited)",
					"@executable_path/Frameworks",
					"@loader_path/Frameworks",
				);
				PRODUCT_BUNDLE_IDENTIFIER = "com.Virginia-Dooley.LightTests";
				PRODUCT_NAME = "$(TARGET_NAME)";
				SWIFT_VERSION = 4.2;
				TARGETED_DEVICE_FAMILY = "1,2";
				TEST_HOST = "$(BUILT_PRODUCTS_DIR)/Light.app/Light";
			};
			name = Debug;
		};
		C4CAF02B221C332400C02E28 /* Release */ = {
			isa = XCBuildConfiguration;
			buildSettings = {
				ALWAYS_EMBED_SWIFT_STANDARD_LIBRARIES = YES;
				BUNDLE_LOADER = "$(TEST_HOST)";
				CODE_SIGN_STYLE = Automatic;
				DEVELOPMENT_TEAM = 2UX64K5UQ9;
				INFOPLIST_FILE = LightTests/Info.plist;
				LD_RUNPATH_SEARCH_PATHS = (
					"$(inherited)",
					"@executable_path/Frameworks",
					"@loader_path/Frameworks",
				);
				PRODUCT_BUNDLE_IDENTIFIER = "com.Virginia-Dooley.LightTests";
				PRODUCT_NAME = "$(TARGET_NAME)";
				SWIFT_VERSION = 4.2;
				TARGETED_DEVICE_FAMILY = "1,2";
				TEST_HOST = "$(BUILT_PRODUCTS_DIR)/Light.app/Light";
			};
			name = Release;
		};
		C4CAF02D221C332400C02E28 /* Debug */ = {
			isa = XCBuildConfiguration;
			buildSettings = {
				ALWAYS_EMBED_SWIFT_STANDARD_LIBRARIES = YES;
				CODE_SIGN_STYLE = Automatic;
				DEVELOPMENT_TEAM = 2UX64K5UQ9;
				INFOPLIST_FILE = LightUITests/Info.plist;
				LD_RUNPATH_SEARCH_PATHS = (
					"$(inherited)",
					"@executable_path/Frameworks",
					"@loader_path/Frameworks",
				);
				PRODUCT_BUNDLE_IDENTIFIER = "com.Virginia-Dooley.LightUITests";
				PRODUCT_NAME = "$(TARGET_NAME)";
				SWIFT_VERSION = 4.2;
				TARGETED_DEVICE_FAMILY = "1,2";
				TEST_TARGET_NAME = Light;
			};
			name = Debug;
		};
		C4CAF02E221C332400C02E28 /* Release */ = {
			isa = XCBuildConfiguration;
			buildSettings = {
				ALWAYS_EMBED_SWIFT_STANDARD_LIBRARIES = YES;
				CODE_SIGN_STYLE = Automatic;
				DEVELOPMENT_TEAM = 2UX64K5UQ9;
				INFOPLIST_FILE = LightUITests/Info.plist;
				LD_RUNPATH_SEARCH_PATHS = (
					"$(inherited)",
					"@executable_path/Frameworks",
					"@loader_path/Frameworks",
				);
				PRODUCT_BUNDLE_IDENTIFIER = "com.Virginia-Dooley.LightUITests";
				PRODUCT_NAME = "$(TARGET_NAME)";
				SWIFT_VERSION = 4.2;
				TARGETED_DEVICE_FAMILY = "1,2";
				TEST_TARGET_NAME = Light;
			};
			name = Release;
		};
/* End XCBuildConfiguration section */

/* Begin XCConfigurationList section */
		C4CAEFF9221C331F00C02E28 /* Build configuration list for PBXProject "Light" */ = {
			isa = XCConfigurationList;
			buildConfigurations = (
				C4CAF024221C332400C02E28 /* Debug */,
				C4CAF025221C332400C02E28 /* Release */,
			);
			defaultConfigurationIsVisible = 0;
			defaultConfigurationName = Release;
		};
		C4CAF026221C332400C02E28 /* Build configuration list for PBXNativeTarget "Light" */ = {
			isa = XCConfigurationList;
			buildConfigurations = (
				C4CAF027221C332400C02E28 /* Debug */,
				C4CAF028221C332400C02E28 /* Release */,
			);
			defaultConfigurationIsVisible = 0;
			defaultConfigurationName = Release;
		};
		C4CAF029221C332400C02E28 /* Build configuration list for PBXNativeTarget "LightTests" */ = {
			isa = XCConfigurationList;
			buildConfigurations = (
				C4CAF02A221C332400C02E28 /* Debug */,
				C4CAF02B221C332400C02E28 /* Release */,
			);
			defaultConfigurationIsVisible = 0;
			defaultConfigurationName = Release;
		};
		C4CAF02C221C332400C02E28 /* Build configuration list for PBXNativeTarget "LightUITests" */ = {
			isa = XCConfigurationList;
			buildConfigurations = (
				C4CAF02D221C332400C02E28 /* Debug */,
				C4CAF02E221C332400C02E28 /* Release */,
			);
			defaultConfigurationIsVisible = 0;
			defaultConfigurationName = Release;
		};
/* End XCConfigurationList section */
	};
	rootObject = C4CAEFF6221C331F00C02E28 /* Project object */;
}
